// !$*UTF8*$!
{
	archiveVersion = 1;
	classes = {
	};
	objectVersion = 56;
	objects = {

/* Begin PBXBuildFile section */
		6F291A202C14C462003E3660 /* 0Auth2Service.swift in Sources */ = {isa = PBXBuildFile; fileRef = 6F291A1F2C14C462003E3660 /* 0Auth2Service.swift */; };
		6F291A242C14D3F5003E3660 /* URLSession+data.swift in Sources */ = {isa = PBXBuildFile; fileRef = 6F291A232C14D3F5003E3660 /* URLSession+data.swift */; };
		6F291A262C14D665003E3660 /* OAuthTokenResponseBodyModel.swift in Sources */ = {isa = PBXBuildFile; fileRef = 6F291A252C14D665003E3660 /* OAuthTokenResponseBodyModel.swift */; };
		6F291A282C14DB48003E3660 /* OAuth2TokenStorage.swift in Sources */ = {isa = PBXBuildFile; fileRef = 6F291A272C14DB48003E3660 /* OAuth2TokenStorage.swift */; };
		6F5161532C341ED900688747 /* UIBlockingProgressHUD.swift in Sources */ = {isa = PBXBuildFile; fileRef = 6F5161522C341ED900688747 /* UIBlockingProgressHUD.swift */; };
		6F5161552C3421D300688747 /* ProfileService.swift in Sources */ = {isa = PBXBuildFile; fileRef = 6F5161542C3421D300688747 /* ProfileService.swift */; };
		6F5161572C34227D00688747 /* ProfileDataResponseBodyModel.swift in Sources */ = {isa = PBXBuildFile; fileRef = 6F5161562C34227D00688747 /* ProfileDataResponseBodyModel.swift */; };
		6F5161592C34265D00688747 /* ProfileModel.swift in Sources */ = {isa = PBXBuildFile; fileRef = 6F5161582C34265D00688747 /* ProfileModel.swift */; };
		6F51615B2C35357800688747 /* ProfileImageService.swift in Sources */ = {isa = PBXBuildFile; fileRef = 6F51615A2C35357800688747 /* ProfileImageService.swift */; };
		6F51615D2C35394C00688747 /* ProfileImageResponseBodyModel.swift in Sources */ = {isa = PBXBuildFile; fileRef = 6F51615C2C35394C00688747 /* ProfileImageResponseBodyModel.swift */; };
		6F5161602C358E4F00688747 /* Kingfisher in Frameworks */ = {isa = PBXBuildFile; productRef = 6F51615F2C358E4F00688747 /* Kingfisher */; };
		6F5161632C36D75600688747 /* SwiftKeychainWrapper in Frameworks */ = {isa = PBXBuildFile; productRef = 6F5161622C36D75600688747 /* SwiftKeychainWrapper */; };
		6F8F29C02C1DB7400088EF7E /* SnakeCaseJSONDecoder.swift in Sources */ = {isa = PBXBuildFile; fileRef = 6F8F29BF2C1DB7400088EF7E /* SnakeCaseJSONDecoder.swift */; };
		6F8F29C32C1DDDF40088EF7E /* ProgressHUD in Frameworks */ = {isa = PBXBuildFile; productRef = 6F8F29C22C1DDDF40088EF7E /* ProgressHUD */; };
		6FB011742BE7892D0079A71F /* AppDelegate.swift in Sources */ = {isa = PBXBuildFile; fileRef = 6FB011732BE7892D0079A71F /* AppDelegate.swift */; };
		6FB011762BE7892D0079A71F /* SceneDelegate.swift in Sources */ = {isa = PBXBuildFile; fileRef = 6FB011752BE7892D0079A71F /* SceneDelegate.swift */; };
		6FB011782BE7892D0079A71F /* ImagesListViewController.swift in Sources */ = {isa = PBXBuildFile; fileRef = 6FB011772BE7892D0079A71F /* ImagesListViewController.swift */; };
		6FB0117B2BE7892D0079A71F /* Base in Resources */ = {isa = PBXBuildFile; fileRef = 6FB0117A2BE7892D0079A71F /* Base */; };
		6FB0117D2BE7892F0079A71F /* Assets.xcassets in Resources */ = {isa = PBXBuildFile; fileRef = 6FB0117C2BE7892F0079A71F /* Assets.xcassets */; };
		6FB011802BE7892F0079A71F /* Base in Resources */ = {isa = PBXBuildFile; fileRef = 6FB0117F2BE7892F0079A71F /* Base */; };
		6FB0118A2BE7CE8B0079A71F /* ImagesListCell.swift in Sources */ = {isa = PBXBuildFile; fileRef = 6FB011892BE7CE8B0079A71F /* ImagesListCell.swift */; };
		6FB1487A2C0CC0C900937C6E /* Constants.swift in Sources */ = {isa = PBXBuildFile; fileRef = 6FB148792C0CC0C900937C6E /* Constants.swift */; };
		6FB1487C2C0CD03400937C6E /* AuthViewController.swift in Sources */ = {isa = PBXBuildFile; fileRef = 6FB1487B2C0CD03400937C6E /* AuthViewController.swift */; };
		6FB1487F2C0CD11B00937C6E /* WebViewViewController.swift in Sources */ = {isa = PBXBuildFile; fileRef = 6FB1487E2C0CD11B00937C6E /* WebViewViewController.swift */; };
		6FB148812C0CEBAA00937C6E /* WebViewViewControllerDelegate.swift in Sources */ = {isa = PBXBuildFile; fileRef = 6FB148802C0CEBAA00937C6E /* WebViewViewControllerDelegate.swift */; };
		6FB343902BF91B4E00FBACC1 /* ProfileViewController.swift in Sources */ = {isa = PBXBuildFile; fileRef = 6FB3438F2BF91B4D00FBACC1 /* ProfileViewController.swift */; };
		6FB343932BFA5B5F00FBACC1 /* SingleImageViewController.swift in Sources */ = {isa = PBXBuildFile; fileRef = 6FB343922BFA5B5F00FBACC1 /* SingleImageViewController.swift */; };
		6FC433422C19DF7E00A6B14F /* SplashViewController.swift in Sources */ = {isa = PBXBuildFile; fileRef = 6FC433412C19DF7E00A6B14F /* SplashViewController.swift */; };
/* End PBXBuildFile section */

/* Begin PBXFileReference section */
		6F291A1F2C14C462003E3660 /* 0Auth2Service.swift */ = {isa = PBXFileReference; lastKnownFileType = sourcecode.swift; path = 0Auth2Service.swift; sourceTree = "<group>"; };
		6F291A232C14D3F5003E3660 /* URLSession+data.swift */ = {isa = PBXFileReference; lastKnownFileType = sourcecode.swift; path = "URLSession+data.swift"; sourceTree = "<group>"; };
		6F291A252C14D665003E3660 /* OAuthTokenResponseBodyModel.swift */ = {isa = PBXFileReference; lastKnownFileType = sourcecode.swift; path = OAuthTokenResponseBodyModel.swift; sourceTree = "<group>"; };
		6F291A272C14DB48003E3660 /* OAuth2TokenStorage.swift */ = {isa = PBXFileReference; lastKnownFileType = sourcecode.swift; path = OAuth2TokenStorage.swift; sourceTree = "<group>"; };
		6F5161522C341ED900688747 /* UIBlockingProgressHUD.swift */ = {isa = PBXFileReference; lastKnownFileType = sourcecode.swift; path = UIBlockingProgressHUD.swift; sourceTree = "<group>"; };
		6F5161542C3421D300688747 /* ProfileService.swift */ = {isa = PBXFileReference; lastKnownFileType = sourcecode.swift; path = ProfileService.swift; sourceTree = "<group>"; };
		6F5161562C34227D00688747 /* ProfileDataResponseBodyModel.swift */ = {isa = PBXFileReference; lastKnownFileType = sourcecode.swift; path = ProfileDataResponseBodyModel.swift; sourceTree = "<group>"; };
		6F5161582C34265D00688747 /* ProfileModel.swift */ = {isa = PBXFileReference; lastKnownFileType = sourcecode.swift; path = ProfileModel.swift; sourceTree = "<group>"; };
		6F51615A2C35357800688747 /* ProfileImageService.swift */ = {isa = PBXFileReference; lastKnownFileType = sourcecode.swift; path = ProfileImageService.swift; sourceTree = "<group>"; };
		6F51615C2C35394C00688747 /* ProfileImageResponseBodyModel.swift */ = {isa = PBXFileReference; lastKnownFileType = sourcecode.swift; path = ProfileImageResponseBodyModel.swift; sourceTree = "<group>"; };
		6F8F29BF2C1DB7400088EF7E /* SnakeCaseJSONDecoder.swift */ = {isa = PBXFileReference; lastKnownFileType = sourcecode.swift; path = SnakeCaseJSONDecoder.swift; sourceTree = "<group>"; };
		6FB011702BE7892D0079A71F /* image-feed.app */ = {isa = PBXFileReference; explicitFileType = wrapper.application; includeInIndex = 0; path = "image-feed.app"; sourceTree = BUILT_PRODUCTS_DIR; };
		6FB011732BE7892D0079A71F /* AppDelegate.swift */ = {isa = PBXFileReference; lastKnownFileType = sourcecode.swift; path = AppDelegate.swift; sourceTree = "<group>"; };
		6FB011752BE7892D0079A71F /* SceneDelegate.swift */ = {isa = PBXFileReference; lastKnownFileType = sourcecode.swift; path = SceneDelegate.swift; sourceTree = "<group>"; };
		6FB011772BE7892D0079A71F /* ImagesListViewController.swift */ = {isa = PBXFileReference; lastKnownFileType = sourcecode.swift; path = ImagesListViewController.swift; sourceTree = "<group>"; };
		6FB0117A2BE7892D0079A71F /* Base */ = {isa = PBXFileReference; lastKnownFileType = file.storyboard; name = Base; path = Base.lproj/Main.storyboard; sourceTree = "<group>"; };
		6FB0117C2BE7892F0079A71F /* Assets.xcassets */ = {isa = PBXFileReference; lastKnownFileType = folder.assetcatalog; path = Assets.xcassets; sourceTree = "<group>"; };
		6FB0117F2BE7892F0079A71F /* Base */ = {isa = PBXFileReference; lastKnownFileType = file.storyboard; name = Base; path = Base.lproj/LaunchScreen.storyboard; sourceTree = "<group>"; };
		6FB011812BE7892F0079A71F /* Info.plist */ = {isa = PBXFileReference; lastKnownFileType = text.plist.xml; path = Info.plist; sourceTree = "<group>"; };
		6FB011892BE7CE8B0079A71F /* ImagesListCell.swift */ = {isa = PBXFileReference; lastKnownFileType = sourcecode.swift; path = ImagesListCell.swift; sourceTree = "<group>"; };
		6FB148792C0CC0C900937C6E /* Constants.swift */ = {isa = PBXFileReference; lastKnownFileType = sourcecode.swift; path = Constants.swift; sourceTree = "<group>"; };
		6FB1487B2C0CD03400937C6E /* AuthViewController.swift */ = {isa = PBXFileReference; lastKnownFileType = sourcecode.swift; path = AuthViewController.swift; sourceTree = "<group>"; };
		6FB1487E2C0CD11B00937C6E /* WebViewViewController.swift */ = {isa = PBXFileReference; lastKnownFileType = sourcecode.swift; path = WebViewViewController.swift; sourceTree = "<group>"; };
		6FB148802C0CEBAA00937C6E /* WebViewViewControllerDelegate.swift */ = {isa = PBXFileReference; lastKnownFileType = sourcecode.swift; path = WebViewViewControllerDelegate.swift; sourceTree = "<group>"; };
		6FB3438F2BF91B4D00FBACC1 /* ProfileViewController.swift */ = {isa = PBXFileReference; lastKnownFileType = sourcecode.swift; path = ProfileViewController.swift; sourceTree = "<group>"; };
		6FB343922BFA5B5F00FBACC1 /* SingleImageViewController.swift */ = {isa = PBXFileReference; lastKnownFileType = sourcecode.swift; path = SingleImageViewController.swift; sourceTree = "<group>"; };
		6FC433412C19DF7E00A6B14F /* SplashViewController.swift */ = {isa = PBXFileReference; lastKnownFileType = sourcecode.swift; path = SplashViewController.swift; sourceTree = "<group>"; };
/* End PBXFileReference section */

/* Begin PBXFrameworksBuildPhase section */
		6FB0116D2BE7892D0079A71F /* Frameworks */ = {
			isa = PBXFrameworksBuildPhase;
			buildActionMask = 2147483647;
			files = (
				6F5161602C358E4F00688747 /* Kingfisher in Frameworks */,
				6F8F29C32C1DDDF40088EF7E /* ProgressHUD in Frameworks */,
				6F5161632C36D75600688747 /* SwiftKeychainWrapper in Frameworks */,
			);
			runOnlyForDeploymentPostprocessing = 0;
		};
/* End PBXFrameworksBuildPhase section */

/* Begin PBXGroup section */
		6F8BFD2A2C02455400EB2D15 /* SingleImage */ = {
			isa = PBXGroup;
			children = (
				6FB343922BFA5B5F00FBACC1 /* SingleImageViewController.swift */,
			);
			path = SingleImage;
			sourceTree = "<group>";
		};
		6FB011672BE7892D0079A71F = {
			isa = PBXGroup;
			children = (
				6FB011722BE7892D0079A71F /* image-feed */,
				6FB011712BE7892D0079A71F /* Products */,
			);
			sourceTree = "<group>";
		};
		6FB011712BE7892D0079A71F /* Products */ = {
			isa = PBXGroup;
			children = (
				6FB011702BE7892D0079A71F /* image-feed.app */,
			);
			name = Products;
			sourceTree = "<group>";
		};
		6FB011722BE7892D0079A71F /* image-feed */ = {
			isa = PBXGroup;
			children = (
				6FB011732BE7892D0079A71F /* AppDelegate.swift */,
				6FB011752BE7892D0079A71F /* SceneDelegate.swift */,
				6FB343912BF91B6200FBACC1 /* Profile */,
				6FB0118B2BE7CEA00079A71F /* ImagesList */,
				6F8BFD2A2C02455400EB2D15 /* SingleImage */,
				6FB1487D2C0CD06400937C6E /* Auth */,
				6FC433432C19E3BC00A6B14F /* Splash */,
				6F291A232C14D3F5003E3660 /* URLSession+data.swift */,
				6F5161522C341ED900688747 /* UIBlockingProgressHUD.swift */,
				6FB148792C0CC0C900937C6E /* Constants.swift */,
				6F8F29BF2C1DB7400088EF7E /* SnakeCaseJSONDecoder.swift */,
				6FB0117C2BE7892F0079A71F /* Assets.xcassets */,
				6FB011792BE7892D0079A71F /* Main.storyboard */,
				6FB0117E2BE7892F0079A71F /* LaunchScreen.storyboard */,
				6FB011812BE7892F0079A71F /* Info.plist */,
			);
			path = "image-feed";
			sourceTree = "<group>";
		};
		6FB0118B2BE7CEA00079A71F /* ImagesList */ = {
			isa = PBXGroup;
			children = (
				6FB011772BE7892D0079A71F /* ImagesListViewController.swift */,
				6FB011892BE7CE8B0079A71F /* ImagesListCell.swift */,
			);
			path = ImagesList;
			sourceTree = "<group>";
		};
		6FB1487D2C0CD06400937C6E /* Auth */ = {
			isa = PBXGroup;
			children = (
				6FB1487B2C0CD03400937C6E /* AuthViewController.swift */,
				6FB1487E2C0CD11B00937C6E /* WebViewViewController.swift */,
				6F291A1F2C14C462003E3660 /* 0Auth2Service.swift */,
				6F291A272C14DB48003E3660 /* OAuth2TokenStorage.swift */,
				6F291A252C14D665003E3660 /* OAuthTokenResponseBodyModel.swift */,
				6FB148802C0CEBAA00937C6E /* WebViewViewControllerDelegate.swift */,
			);
			path = Auth;
			sourceTree = "<group>";
		};
		6FB343912BF91B6200FBACC1 /* Profile */ = {
			isa = PBXGroup;
			children = (
				6FB3438F2BF91B4D00FBACC1 /* ProfileViewController.swift */,
				6F5161542C3421D300688747 /* ProfileService.swift */,
				6F51615A2C35357800688747 /* ProfileImageService.swift */,
				6F5161562C34227D00688747 /* ProfileDataResponseBodyModel.swift */,
				6F51615C2C35394C00688747 /* ProfileImageResponseBodyModel.swift */,
				6F5161582C34265D00688747 /* ProfileModel.swift */,
			);
			path = Profile;
			sourceTree = "<group>";
		};
		6FC433432C19E3BC00A6B14F /* Splash */ = {
			isa = PBXGroup;
			children = (
				6FC433412C19DF7E00A6B14F /* SplashViewController.swift */,
			);
			path = Splash;
			sourceTree = "<group>";
		};
/* End PBXGroup section */

/* Begin PBXNativeTarget section */
		6FB0116F2BE7892D0079A71F /* image-feed */ = {
			isa = PBXNativeTarget;
			buildConfigurationList = 6FB011842BE7892F0079A71F /* Build configuration list for PBXNativeTarget "image-feed" */;
			buildPhases = (
				6FB0116C2BE7892D0079A71F /* Sources */,
				6FB0116D2BE7892D0079A71F /* Frameworks */,
				6FB0116E2BE7892D0079A71F /* Resources */,
			);
			buildRules = (
			);
			dependencies = (
			);
			name = "image-feed";
			packageProductDependencies = (
				6F8F29C22C1DDDF40088EF7E /* ProgressHUD */,
				6F51615F2C358E4F00688747 /* Kingfisher */,
				6F5161622C36D75600688747 /* SwiftKeychainWrapper */,
			);
			productName = "image-feed";
			productReference = 6FB011702BE7892D0079A71F /* image-feed.app */;
			productType = "com.apple.product-type.application";
		};
/* End PBXNativeTarget section */

/* Begin PBXProject section */
		6FB011682BE7892D0079A71F /* Project object */ = {
			isa = PBXProject;
			attributes = {
				BuildIndependentTargetsInParallel = 1;
				LastSwiftUpdateCheck = 1530;
				LastUpgradeCheck = 1530;
				TargetAttributes = {
					6FB0116F2BE7892D0079A71F = {
						CreatedOnToolsVersion = 15.3;
					};
				};
			};
			buildConfigurationList = 6FB0116B2BE7892D0079A71F /* Build configuration list for PBXProject "image-feed" */;
			compatibilityVersion = "Xcode 14.0";
			developmentRegion = en;
			hasScannedForEncodings = 0;
			knownRegions = (
				en,
				Base,
			);
			mainGroup = 6FB011672BE7892D0079A71F;
			packageReferences = (
				6F8F29C12C1DDDF40088EF7E /* XCRemoteSwiftPackageReference "ProgressHUD" */,
				6F51615E2C358E4F00688747 /* XCRemoteSwiftPackageReference "Kingfisher" */,
				6F5161612C36D75600688747 /* XCRemoteSwiftPackageReference "SwiftKeychainWrapper" */,
			);
			productRefGroup = 6FB011712BE7892D0079A71F /* Products */;
			projectDirPath = "";
			projectRoot = "";
			targets = (
				6FB0116F2BE7892D0079A71F /* image-feed */,
			);
		};
/* End PBXProject section */

/* Begin PBXResourcesBuildPhase section */
		6FB0116E2BE7892D0079A71F /* Resources */ = {
			isa = PBXResourcesBuildPhase;
			buildActionMask = 2147483647;
			files = (
				6FB0117D2BE7892F0079A71F /* Assets.xcassets in Resources */,
				6FB011802BE7892F0079A71F /* Base in Resources */,
				6FB0117B2BE7892D0079A71F /* Base in Resources */,
			);
			runOnlyForDeploymentPostprocessing = 0;
		};
/* End PBXResourcesBuildPhase section */

/* Begin PBXSourcesBuildPhase section */
		6FB0116C2BE7892D0079A71F /* Sources */ = {
			isa = PBXSourcesBuildPhase;
			buildActionMask = 2147483647;
			files = (
				6F5161572C34227D00688747 /* ProfileDataResponseBodyModel.swift in Sources */,
				6FB011782BE7892D0079A71F /* ImagesListViewController.swift in Sources */,
				6F291A242C14D3F5003E3660 /* URLSession+data.swift in Sources */,
				6F291A262C14D665003E3660 /* OAuthTokenResponseBodyModel.swift in Sources */,
				6F8F29C02C1DB7400088EF7E /* SnakeCaseJSONDecoder.swift in Sources */,
				6FB148812C0CEBAA00937C6E /* WebViewViewControllerDelegate.swift in Sources */,
				6FB0118A2BE7CE8B0079A71F /* ImagesListCell.swift in Sources */,
				6FB343902BF91B4E00FBACC1 /* ProfileViewController.swift in Sources */,
				6F291A282C14DB48003E3660 /* OAuth2TokenStorage.swift in Sources */,
				6FB011742BE7892D0079A71F /* AppDelegate.swift in Sources */,
				6F291A202C14C462003E3660 /* 0Auth2Service.swift in Sources */,
				6FC433422C19DF7E00A6B14F /* SplashViewController.swift in Sources */,
				6F51615D2C35394C00688747 /* ProfileImageResponseBodyModel.swift in Sources */,
				6F5161552C3421D300688747 /* ProfileService.swift in Sources */,
				6FB1487C2C0CD03400937C6E /* AuthViewController.swift in Sources */,
				6FB1487A2C0CC0C900937C6E /* Constants.swift in Sources */,
				6F51615B2C35357800688747 /* ProfileImageService.swift in Sources */,
				6F5161592C34265D00688747 /* ProfileModel.swift in Sources */,
				6FB343932BFA5B5F00FBACC1 /* SingleImageViewController.swift in Sources */,
				6FB1487F2C0CD11B00937C6E /* WebViewViewController.swift in Sources */,
				6FB011762BE7892D0079A71F /* SceneDelegate.swift in Sources */,
				6F5161532C341ED900688747 /* UIBlockingProgressHUD.swift in Sources */,
			);
			runOnlyForDeploymentPostprocessing = 0;
		};
/* End PBXSourcesBuildPhase section */

/* Begin PBXVariantGroup section */
		6FB011792BE7892D0079A71F /* Main.storyboard */ = {
			isa = PBXVariantGroup;
			children = (
				6FB0117A2BE7892D0079A71F /* Base */,
			);
			name = Main.storyboard;
			sourceTree = "<group>";
		};
		6FB0117E2BE7892F0079A71F /* LaunchScreen.storyboard */ = {
			isa = PBXVariantGroup;
			children = (
				6FB0117F2BE7892F0079A71F /* Base */,
			);
			name = LaunchScreen.storyboard;
			sourceTree = "<group>";
		};
/* End PBXVariantGroup section */

/* Begin XCBuildConfiguration section */
		6FB011822BE7892F0079A71F /* Debug */ = {
			isa = XCBuildConfiguration;
			buildSettings = {
				ALWAYS_SEARCH_USER_PATHS = NO;
				ASSETCATALOG_COMPILER_GENERATE_SWIFT_ASSET_SYMBOL_EXTENSIONS = YES;
				CLANG_ANALYZER_NONNULL = YES;
				CLANG_ANALYZER_NUMBER_OBJECT_CONVERSION = YES_AGGRESSIVE;
				CLANG_CXX_LANGUAGE_STANDARD = "gnu++20";
				CLANG_ENABLE_MODULES = YES;
				CLANG_ENABLE_OBJC_ARC = YES;
				CLANG_ENABLE_OBJC_WEAK = YES;
				CLANG_WARN_BLOCK_CAPTURE_AUTORELEASING = YES;
				CLANG_WARN_BOOL_CONVERSION = YES;
				CLANG_WARN_COMMA = YES;
				CLANG_WARN_CONSTANT_CONVERSION = YES;
				CLANG_WARN_DEPRECATED_OBJC_IMPLEMENTATIONS = YES;
				CLANG_WARN_DIRECT_OBJC_ISA_USAGE = YES_ERROR;
				CLANG_WARN_DOCUMENTATION_COMMENTS = YES;
				CLANG_WARN_EMPTY_BODY = YES;
				CLANG_WARN_ENUM_CONVERSION = YES;
				CLANG_WARN_INFINITE_RECURSION = YES;
				CLANG_WARN_INT_CONVERSION = YES;
				CLANG_WARN_NON_LITERAL_NULL_CONVERSION = YES;
				CLANG_WARN_OBJC_IMPLICIT_RETAIN_SELF = YES;
				CLANG_WARN_OBJC_LITERAL_CONVERSION = YES;
				CLANG_WARN_OBJC_ROOT_CLASS = YES_ERROR;
				CLANG_WARN_QUOTED_INCLUDE_IN_FRAMEWORK_HEADER = YES;
				CLANG_WARN_RANGE_LOOP_ANALYSIS = YES;
				CLANG_WARN_STRICT_PROTOTYPES = YES;
				CLANG_WARN_SUSPICIOUS_MOVE = YES;
				CLANG_WARN_UNGUARDED_AVAILABILITY = YES_AGGRESSIVE;
				CLANG_WARN_UNREACHABLE_CODE = YES;
				CLANG_WARN__DUPLICATE_METHOD_MATCH = YES;
				COPY_PHASE_STRIP = NO;
				DEBUG_INFORMATION_FORMAT = dwarf;
				ENABLE_STRICT_OBJC_MSGSEND = YES;
				ENABLE_TESTABILITY = YES;
				ENABLE_USER_SCRIPT_SANDBOXING = YES;
				GCC_C_LANGUAGE_STANDARD = gnu17;
				GCC_DYNAMIC_NO_PIC = NO;
				GCC_NO_COMMON_BLOCKS = YES;
				GCC_OPTIMIZATION_LEVEL = 0;
				GCC_PREPROCESSOR_DEFINITIONS = (
					"DEBUG=1",
					"$(inherited)",
				);
				GCC_WARN_64_TO_32_BIT_CONVERSION = YES;
				GCC_WARN_ABOUT_RETURN_TYPE = YES_ERROR;
				GCC_WARN_UNDECLARED_SELECTOR = YES;
				GCC_WARN_UNINITIALIZED_AUTOS = YES_AGGRESSIVE;
				GCC_WARN_UNUSED_FUNCTION = YES;
				GCC_WARN_UNUSED_VARIABLE = YES;
				IPHONEOS_DEPLOYMENT_TARGET = 17.4;
				LOCALIZATION_PREFERS_STRING_CATALOGS = YES;
				MTL_ENABLE_DEBUG_INFO = INCLUDE_SOURCE;
				MTL_FAST_MATH = YES;
				ONLY_ACTIVE_ARCH = YES;
				SDKROOT = iphoneos;
				SWIFT_ACTIVE_COMPILATION_CONDITIONS = "DEBUG $(inherited)";
				SWIFT_OPTIMIZATION_LEVEL = "-Onone";
			};
			name = Debug;
		};
		6FB011832BE7892F0079A71F /* Release */ = {
			isa = XCBuildConfiguration;
			buildSettings = {
				ALWAYS_SEARCH_USER_PATHS = NO;
				ASSETCATALOG_COMPILER_GENERATE_SWIFT_ASSET_SYMBOL_EXTENSIONS = YES;
				CLANG_ANALYZER_NONNULL = YES;
				CLANG_ANALYZER_NUMBER_OBJECT_CONVERSION = YES_AGGRESSIVE;
				CLANG_CXX_LANGUAGE_STANDARD = "gnu++20";
				CLANG_ENABLE_MODULES = YES;
				CLANG_ENABLE_OBJC_ARC = YES;
				CLANG_ENABLE_OBJC_WEAK = YES;
				CLANG_WARN_BLOCK_CAPTURE_AUTORELEASING = YES;
				CLANG_WARN_BOOL_CONVERSION = YES;
				CLANG_WARN_COMMA = YES;
				CLANG_WARN_CONSTANT_CONVERSION = YES;
				CLANG_WARN_DEPRECATED_OBJC_IMPLEMENTATIONS = YES;
				CLANG_WARN_DIRECT_OBJC_ISA_USAGE = YES_ERROR;
				CLANG_WARN_DOCUMENTATION_COMMENTS = YES;
				CLANG_WARN_EMPTY_BODY = YES;
				CLANG_WARN_ENUM_CONVERSION = YES;
				CLANG_WARN_INFINITE_RECURSION = YES;
				CLANG_WARN_INT_CONVERSION = YES;
				CLANG_WARN_NON_LITERAL_NULL_CONVERSION = YES;
				CLANG_WARN_OBJC_IMPLICIT_RETAIN_SELF = YES;
				CLANG_WARN_OBJC_LITERAL_CONVERSION = YES;
				CLANG_WARN_OBJC_ROOT_CLASS = YES_ERROR;
				CLANG_WARN_QUOTED_INCLUDE_IN_FRAMEWORK_HEADER = YES;
				CLANG_WARN_RANGE_LOOP_ANALYSIS = YES;
				CLANG_WARN_STRICT_PROTOTYPES = YES;
				CLANG_WARN_SUSPICIOUS_MOVE = YES;
				CLANG_WARN_UNGUARDED_AVAILABILITY = YES_AGGRESSIVE;
				CLANG_WARN_UNREACHABLE_CODE = YES;
				CLANG_WARN__DUPLICATE_METHOD_MATCH = YES;
				COPY_PHASE_STRIP = NO;
				DEBUG_INFORMATION_FORMAT = "dwarf-with-dsym";
				ENABLE_NS_ASSERTIONS = NO;
				ENABLE_STRICT_OBJC_MSGSEND = YES;
				ENABLE_USER_SCRIPT_SANDBOXING = YES;
				GCC_C_LANGUAGE_STANDARD = gnu17;
				GCC_NO_COMMON_BLOCKS = YES;
				GCC_WARN_64_TO_32_BIT_CONVERSION = YES;
				GCC_WARN_ABOUT_RETURN_TYPE = YES_ERROR;
				GCC_WARN_UNDECLARED_SELECTOR = YES;
				GCC_WARN_UNINITIALIZED_AUTOS = YES_AGGRESSIVE;
				GCC_WARN_UNUSED_FUNCTION = YES;
				GCC_WARN_UNUSED_VARIABLE = YES;
				IPHONEOS_DEPLOYMENT_TARGET = 17.4;
				LOCALIZATION_PREFERS_STRING_CATALOGS = YES;
				MTL_ENABLE_DEBUG_INFO = NO;
				MTL_FAST_MATH = YES;
				SDKROOT = iphoneos;
				SWIFT_COMPILATION_MODE = wholemodule;
				VALIDATE_PRODUCT = YES;
			};
			name = Release;
		};
		6FB011852BE7892F0079A71F /* Debug */ = {
			isa = XCBuildConfiguration;
			buildSettings = {
				ASSETCATALOG_COMPILER_APPICON_NAME = AppIcon;
				ASSETCATALOG_COMPILER_GLOBAL_ACCENT_COLOR_NAME = AccentColor;
				CODE_SIGN_STYLE = Automatic;
				CURRENT_PROJECT_VERSION = 1;
				DEVELOPMENT_TEAM = 89299A2A8Z;
				GENERATE_INFOPLIST_FILE = YES;
				INFOPLIST_FILE = "image-feed/Info.plist";
				INFOPLIST_KEY_CFBundleDisplayName = ImageFeed;
				INFOPLIST_KEY_LSApplicationCategoryType = "public.app-category.photography";
				INFOPLIST_KEY_UIApplicationSupportsIndirectInputEvents = YES;
				INFOPLIST_KEY_UILaunchStoryboardName = LaunchScreen;
				INFOPLIST_KEY_UIMainStoryboardFile = Main;
				INFOPLIST_KEY_UIStatusBarStyle = "";
				INFOPLIST_KEY_UISupportedInterfaceOrientations = UIInterfaceOrientationPortrait;
				IPHONEOS_DEPLOYMENT_TARGET = 13.0;
				LD_RUNPATH_SEARCH_PATHS = (
					"$(inherited)",
					"@executable_path/Frameworks",
				);
				MARKETING_VERSION = 1.0;
				PRODUCT_BUNDLE_IDENTIFIER = "akrivdin.image-feed";
				PRODUCT_NAME = "$(TARGET_NAME)";
				SUPPORTED_PLATFORMS = "iphoneos iphonesimulator";
				SUPPORTS_MACCATALYST = NO;
				SUPPORTS_MAC_DESIGNED_FOR_IPHONE_IPAD = NO;
				SUPPORTS_XR_DESIGNED_FOR_IPHONE_IPAD = NO;
				SWIFT_EMIT_LOC_STRINGS = YES;
				SWIFT_VERSION = 5.0;
				TARGETED_DEVICE_FAMILY = 1;
			};
			name = Debug;
		};
		6FB011862BE7892F0079A71F /* Release */ = {
			isa = XCBuildConfiguration;
			buildSettings = {
				ASSETCATALOG_COMPILER_APPICON_NAME = AppIcon;
				ASSETCATALOG_COMPILER_GLOBAL_ACCENT_COLOR_NAME = AccentColor;
				CODE_SIGN_STYLE = Automatic;
				CURRENT_PROJECT_VERSION = 1;
				DEVELOPMENT_TEAM = 89299A2A8Z;
				GENERATE_INFOPLIST_FILE = YES;
				INFOPLIST_FILE = "image-feed/Info.plist";
				INFOPLIST_KEY_CFBundleDisplayName = ImageFeed;
				INFOPLIST_KEY_LSApplicationCategoryType = "public.app-category.photography";
				INFOPLIST_KEY_UIApplicationSupportsIndirectInputEvents = YES;
				INFOPLIST_KEY_UILaunchStoryboardName = LaunchScreen;
				INFOPLIST_KEY_UIMainStoryboardFile = Main;
				INFOPLIST_KEY_UIStatusBarStyle = "";
				INFOPLIST_KEY_UISupportedInterfaceOrientations = UIInterfaceOrientationPortrait;
				IPHONEOS_DEPLOYMENT_TARGET = 13.0;
				LD_RUNPATH_SEARCH_PATHS = (
					"$(inherited)",
					"@executable_path/Frameworks",
				);
				MARKETING_VERSION = 1.0;
				PRODUCT_BUNDLE_IDENTIFIER = "akrivdin.image-feed";
				PRODUCT_NAME = "$(TARGET_NAME)";
				SUPPORTED_PLATFORMS = "iphoneos iphonesimulator";
				SUPPORTS_MACCATALYST = NO;
				SUPPORTS_MAC_DESIGNED_FOR_IPHONE_IPAD = NO;
				SUPPORTS_XR_DESIGNED_FOR_IPHONE_IPAD = NO;
				SWIFT_EMIT_LOC_STRINGS = YES;
				SWIFT_VERSION = 5.0;
				TARGETED_DEVICE_FAMILY = 1;
			};
			name = Release;
		};
/* End XCBuildConfiguration section */

/* Begin XCConfigurationList section */
		6FB0116B2BE7892D0079A71F /* Build configuration list for PBXProject "image-feed" */ = {
			isa = XCConfigurationList;
			buildConfigurations = (
				6FB011822BE7892F0079A71F /* Debug */,
				6FB011832BE7892F0079A71F /* Release */,
			);
			defaultConfigurationIsVisible = 0;
			defaultConfigurationName = Release;
		};
		6FB011842BE7892F0079A71F /* Build configuration list for PBXNativeTarget "image-feed" */ = {
			isa = XCConfigurationList;
			buildConfigurations = (
				6FB011852BE7892F0079A71F /* Debug */,
				6FB011862BE7892F0079A71F /* Release */,
			);
			defaultConfigurationIsVisible = 0;
			defaultConfigurationName = Release;
		};
/* End XCConfigurationList section */

/* Begin XCRemoteSwiftPackageReference section */
		6F51615E2C358E4F00688747 /* XCRemoteSwiftPackageReference "Kingfisher" */ = {
			isa = XCRemoteSwiftPackageReference;
			repositoryURL = "https://github.com/onevcat/Kingfisher";
			requirement = {
				kind = upToNextMajorVersion;
				minimumVersion = 7.12.0;
			};
		};
		6F5161612C36D75600688747 /* XCRemoteSwiftPackageReference "SwiftKeychainWrapper" */ = {
			isa = XCRemoteSwiftPackageReference;
			repositoryURL = "https://github.com/jrendel/SwiftKeychainWrapper";
			requirement = {
				kind = upToNextMajorVersion;
				minimumVersion = 4.0.1;
			};
		};
		6F8F29C12C1DDDF40088EF7E /* XCRemoteSwiftPackageReference "ProgressHUD" */ = {
			isa = XCRemoteSwiftPackageReference;
			repositoryURL = "https://github.com/relatedcode/ProgressHUD";
			requirement = {
				kind = upToNextMajorVersion;
				minimumVersion = 14.1.3;
			};
		};
/* End XCRemoteSwiftPackageReference section */

/* Begin XCSwiftPackageProductDependency section */
		6F51615F2C358E4F00688747 /* Kingfisher */ = {
			isa = XCSwiftPackageProductDependency;
			package = 6F51615E2C358E4F00688747 /* XCRemoteSwiftPackageReference "Kingfisher" */;
			productName = Kingfisher;
		};
		6F5161622C36D75600688747 /* SwiftKeychainWrapper */ = {
			isa = XCSwiftPackageProductDependency;
			package = 6F5161612C36D75600688747 /* XCRemoteSwiftPackageReference "SwiftKeychainWrapper" */;
			productName = SwiftKeychainWrapper;
		};
		6F8F29C22C1DDDF40088EF7E /* ProgressHUD */ = {
			isa = XCSwiftPackageProductDependency;
			package = 6F8F29C12C1DDDF40088EF7E /* XCRemoteSwiftPackageReference "ProgressHUD" */;
			productName = ProgressHUD;
		};
/* End XCSwiftPackageProductDependency section */
	};
	rootObject = 6FB011682BE7892D0079A71F /* Project object */;
}
